{
  "name": "ts-subpath-imports-exports-issue-reproduction",
  "version": "0.0.1",
  "lockfileVersion": 3,
  "requires": true,
  "packages": {
    "": {
      "name": "ts-subpath-imports-exports-issue-reproduction",
      "version": "0.0.1",
      "workspaces": [
        "packages/**"
      ]
    },
    "node_modules/common": {
      "resolved": "packages/common",
      "link": true
    },
    "node_modules/main": {
      "resolved": "packages/main",
      "link": true
    },
    "node_modules/typescript": {
      "version": "5.9.2",
      "dev": true,
      "license": "Apache-2.0",
      "bin": {
        "tsc": "bin/tsc",
        "tsserver": "bin/tsserver"
      },
      "engines": {
        "node": ">=14.17"
      }
    },
    "packages/common": {
      "version": "0.0.1",
      "devDependencies": {
        "typescript": "5.9.2"
      }
    },
    "packages/main": {
      "version": "0.0.1",
      "devDependencies": {
        "typescript": "5.9.2"
      }
    }
  }
}
